// !$*UTF8*$!
{
	archiveVersion = 1;
	classes = {
	};
	objectVersion = 56;
	objects = {

/* Begin PBXBuildFile section */
		5D04CB372EEC2D4200FB6A21 /* FirebaseAnalyticsCore in Frameworks */ = {isa = PBXBuildFile; productRef = 5D04CB362EEC2D4200FB6A21 /* FirebaseAnalyticsCore */; };
		5D04CB392EEC2D4200FB6A21 /* FirebaseAnalyticsIdentitySupport in Frameworks */ = {isa = PBXBuildFile; productRef = 5D04CB382EEC2D4200FB6A21 /* FirebaseAnalyticsIdentitySupport */; };
		5D04CB3B2EEC2D4200FB6A21 /* FirebaseAnalyticsOnDeviceConversion in Frameworks */ = {isa = PBXBuildFile; productRef = 5D04CB3A2EEC2D4200FB6A21 /* FirebaseAnalyticsOnDeviceConversion */; };
		5D04CB3E2EEC349200FB6A21 /* FirebaseMessaging in Frameworks */ = {isa = PBXBuildFile; productRef = 5D04CB3D2EEC349200FB6A21 /* FirebaseMessaging */; };
		5D04CB412EEC35D800FB6A21 /* Toast in Frameworks */ = {isa = PBXBuildFile; productRef = 5D04CB402EEC35D800FB6A21 /* Toast */; };
		5D04CB432EEC38F900FB6A21 /* ProfilePicView.swift in Sources */ = {isa = PBXBuildFile; fileRef = 5D04CB422EEC38F100FB6A21 /* ProfilePicView.swift */; };
		5D04CB452EEC3C1A00FB6A21 /* VerifyOTPView.swift in Sources */ = {isa = PBXBuildFile; fileRef = 5D04CB442EEC3C1600FB6A21 /* VerifyOTPView.swift */; };
		5D08E91E2EFC27CD0052B4B4 /* SpaceModel.swift in Sources */ = {isa = PBXBuildFile; fileRef = 5D08E91D2EFC27C40052B4B4 /* SpaceModel.swift */; };
		5D0EF5562DB9FF8400CF3F6C /* UserAuth.swift in Sources */ = {isa = PBXBuildFile; fileRef = 5D0EF5552DB9FF8400CF3F6C /* UserAuth.swift */; };
		5D0EF55C2DBA549B00CF3F6C /* ForgotView.swift in Sources */ = {isa = PBXBuildFile; fileRef = 5D0EF55B2DBA549B00CF3F6C /* ForgotView.swift */; };
		5D0EF55E2DBA63D600CF3F6C /* Constants.swift in Sources */ = {isa = PBXBuildFile; fileRef = 5D0EF55D2DBA63D600CF3F6C /* Constants.swift */; };
		5D0EF5622DBA65C000CF3F6C /* SplashView.swift in Sources */ = {isa = PBXBuildFile; fileRef = 5D0EF5612DBA65C000CF3F6C /* SplashView.swift */; };
		5D14990D2EF969B900C5021A /* BasicDataModel.swift in Sources */ = {isa = PBXBuildFile; fileRef = 5D14990C2EF969B900C5021A /* BasicDataModel.swift */; };
		5D271C812EF26D1B00FAC268 /* ChangePasswordView.swift in Sources */ = {isa = PBXBuildFile; fileRef = 5D271C802EF26D0000FAC268 /* ChangePasswordView.swift */; };
		5D2C95EB2DF6AA750087D69C /* KeyboardResponder.swift in Sources */ = {isa = PBXBuildFile; fileRef = 5D2C95EA2DF6AA750087D69C /* KeyboardResponder.swift */; };
		5D2FAF7C2EF1930200A9A402 /* ForgotOTPView.swift in Sources */ = {isa = PBXBuildFile; fileRef = 5D2FAF7B2EF192F100A9A402 /* ForgotOTPView.swift */; };
		5D4053562ED98BF4003B0C11 /* Toast+SwiftUI.swift in Sources */ = {isa = PBXBuildFile; fileRef = 5D4053552ED98BEE003B0C11 /* Toast+SwiftUI.swift */; };
		5D43316C2DE43A290016B700 /* ChatListView.swift in Sources */ = {isa = PBXBuildFile; fileRef = 5D43316B2DE43A290016B700 /* ChatListView.swift */; };
		5D43316E2DE43B910016B700 /* ChatModel.swift in Sources */ = {isa = PBXBuildFile; fileRef = 5D43316D2DE43B910016B700 /* ChatModel.swift */; };
		5D4331722DE48F120016B700 /* MessageModel.swift in Sources */ = {isa = PBXBuildFile; fileRef = 5D4331712DE48F120016B700 /* MessageModel.swift */; };
		5D5056612EF3D3930013453F /* LikeView.swift in Sources */ = {isa = PBXBuildFile; fileRef = 5D5056602EF3D38D0013453F /* LikeView.swift */; };
		5D5056672EF3DC220013453F /* GoogleSignIn in Frameworks */ = {isa = PBXBuildFile; productRef = 5D5056662EF3DC220013453F /* GoogleSignIn */; };
		5D5056692EF3DC220013453F /* GoogleSignInSwift in Frameworks */ = {isa = PBXBuildFile; productRef = 5D5056682EF3DC220013453F /* GoogleSignInSwift */; };
		5D5194CA2EEBF3EC009B56F0 /* Stripe in Frameworks */ = {isa = PBXBuildFile; productRef = 5D5194C92EEBF3EC009B56F0 /* Stripe */; };
		5D5194CC2EEBF3EC009B56F0 /* StripeApplePay in Frameworks */ = {isa = PBXBuildFile; productRef = 5D5194CB2EEBF3EC009B56F0 /* StripeApplePay */; };
		5D5194CE2EEBF3EC009B56F0 /* StripeCardScan in Frameworks */ = {isa = PBXBuildFile; productRef = 5D5194CD2EEBF3EC009B56F0 /* StripeCardScan */; };
		5D5194D02EEBF3EC009B56F0 /* StripeConnect in Frameworks */ = {isa = PBXBuildFile; productRef = 5D5194CF2EEBF3EC009B56F0 /* StripeConnect */; };
		5D67B7532EEFC330008E794D /* ValidationHelper.swift in Sources */ = {isa = PBXBuildFile; fileRef = 5D67B7522EEFC32A008E794D /* ValidationHelper.swift */; };
		5D67B7552EEFC70A008E794D /* YourselfView.swift in Sources */ = {isa = PBXBuildFile; fileRef = 5D67B7542EEFC704008E794D /* YourselfView.swift */; };
		5D7427072EF51AF700E60417 /* Manrope-Bold.otf in Resources */ = {isa = PBXBuildFile; fileRef = 5D7427002EF51AF700E60417 /* Manrope-Bold.otf */; };
		5D7427082EF51AF700E60417 /* Manrope-SemiBold.otf in Resources */ = {isa = PBXBuildFile; fileRef = 5D7427062EF51AF700E60417 /* Manrope-SemiBold.otf */; };
		5D7427092EF51AF700E60417 /* Manrope-ExtraBold.otf in Resources */ = {isa = PBXBuildFile; fileRef = 5D7427012EF51AF700E60417 /* Manrope-ExtraBold.otf */; };
		5D74270A2EF51AF700E60417 /* Manrope-Regular.otf in Resources */ = {isa = PBXBuildFile; fileRef = 5D7427052EF51AF700E60417 /* Manrope-Regular.otf */; };
		5D74270B2EF51AF700E60417 /* Manrope-Medium.otf in Resources */ = {isa = PBXBuildFile; fileRef = 5D7427042EF51AF700E60417 /* Manrope-Medium.otf */; };
		5D74270C2EF51AF700E60417 /* Manrope-ExtraLight.otf in Resources */ = {isa = PBXBuildFile; fileRef = 5D7427022EF51AF700E60417 /* Manrope-ExtraLight.otf */; };
		5D74270D2EF51AF700E60417 /* Manrope-Light.otf in Resources */ = {isa = PBXBuildFile; fileRef = 5D7427032EF51AF700E60417 /* Manrope-Light.otf */; };
		5D768B1B2F18E7860064DCE4 /* ChatListSQLite.swift in Sources */ = {isa = PBXBuildFile; fileRef = 5D768B1A2F18E7830064DCE4 /* ChatListSQLite.swift */; };
		5D93D72A2F0F8D6200DB4A66 /* EditLocationView.swift in Sources */ = {isa = PBXBuildFile; fileRef = 5D93D7292F0F8D6200DB4A66 /* EditLocationView.swift */; };
		5D9AB2682DB8ED8C00E3480F /* AttendanceApp.swift in Sources */ = {isa = PBXBuildFile; fileRef = 5D9AB2672DB8ED8C00E3480F /* AttendanceApp.swift */; };
		5D9AB26C2DB8ED8D00E3480F /* Assets.xcassets in Resources */ = {isa = PBXBuildFile; fileRef = 5D9AB26B2DB8ED8D00E3480F /* Assets.xcassets */; };
		5D9AB27D2DB8EDC900E3480F /* ProfileView.swift in Sources */ = {isa = PBXBuildFile; fileRef = 5D9AB2752DB8EDC800E3480F /* ProfileView.swift */; };
		5D9AB27E2DB8EDC900E3480F /* HomeView.swift in Sources */ = {isa = PBXBuildFile; fileRef = 5D9AB2762DB8EDC800E3480F /* HomeView.swift */; };
		5D9AB27F2DB8EDC900E3480F /* ViewModel.swift in Sources */ = {isa = PBXBuildFile; fileRef = 5D9AB2772DB8EDC800E3480F /* ViewModel.swift */; };
		5D9AB2822DB8EDC900E3480F /* LoginView.swift in Sources */ = {isa = PBXBuildFile; fileRef = 5D9AB27A2DB8EDC800E3480F /* LoginView.swift */; };
		5D9AB2862DB8F2E400E3480F /* NetworkManager.swift in Sources */ = {isa = PBXBuildFile; fileRef = 5D9AB2852DB8F2E400E3480F /* NetworkManager.swift */; };
		5D9AB2882DB8F79500E3480F /* APIConstants.swift in Sources */ = {isa = PBXBuildFile; fileRef = 5D9AB2872DB8F79500E3480F /* APIConstants.swift */; };
		5D9AB28C2DB9126000E3480F /* UserModel.swift in Sources */ = {isa = PBXBuildFile; fileRef = 5D9AB28B2DB9126000E3480F /* UserModel.swift */; };
		5D9AB28F2DB91B8800E3480F /* KeychainHelper.swift in Sources */ = {isa = PBXBuildFile; fileRef = 5D9AB28E2DB91B8800E3480F /* KeychainHelper.swift */; };
		5D9C05E02F0CC5A9006741D9 /* SettingsView.swift in Sources */ = {isa = PBXBuildFile; fileRef = 5D9C05DF2F0CC5A7006741D9 /* SettingsView.swift */; };
		5D9C05E22F0CD840006741D9 /* NotificationSettingsView.swift in Sources */ = {isa = PBXBuildFile; fileRef = 5D9C05E12F0CD83E006741D9 /* NotificationSettingsView.swift */; };
		5D9C05E42F0CDD0D006741D9 /* HelpSupportView.swift in Sources */ = {isa = PBXBuildFile; fileRef = 5D9C05E32F0CDD0C006741D9 /* HelpSupportView.swift */; };
		5D9C05E62F0CDD1A006741D9 /* FAQView.swift in Sources */ = {isa = PBXBuildFile; fileRef = 5D9C05E52F0CDD19006741D9 /* FAQView.swift */; };
		5D9C05E82F0CDD22006741D9 /* PrivacyPolicyView.swift in Sources */ = {isa = PBXBuildFile; fileRef = 5D9C05E72F0CDD21006741D9 /* PrivacyPolicyView.swift */; };
		5D9C05EA2F0CDD2B006741D9 /* TermsView.swift in Sources */ = {isa = PBXBuildFile; fileRef = 5D9C05E92F0CDD29006741D9 /* TermsView.swift */; };
		5D9C05EC2F0CF4DA006741D9 /* NotificationSettingModel.swift in Sources */ = {isa = PBXBuildFile; fileRef = 5D9C05EB2F0CF4C7006741D9 /* NotificationSettingModel.swift */; };
		5D9C05EE2F0D0711006741D9 /* FAQModel.swift in Sources */ = {isa = PBXBuildFile; fileRef = 5D9C05ED2F0D0707006741D9 /* FAQModel.swift */; };
		5D9C05F02F0D0B59006741D9 /* privacyModel.swift in Sources */ = {isa = PBXBuildFile; fileRef = 5D9C05EF2F0D0B38006741D9 /* privacyModel.swift */; };
		5D9C05F22F0D13E5006741D9 /* termModel.swift in Sources */ = {isa = PBXBuildFile; fileRef = 5D9C05F12F0D13DB006741D9 /* termModel.swift */; };
		5D9C05F62F0D2811006741D9 /* EditProfileView.swift in Sources */ = {isa = PBXBuildFile; fileRef = 5D9C05F52F0D280C006741D9 /* EditProfileView.swift */; };
		5D9EB8312DF7FBC80064B056 /* ImagePicker.swift in Sources */ = {isa = PBXBuildFile; fileRef = 5D9EB8302DF7FBC80064B056 /* ImagePicker.swift */; };
		5DA59F532F1A22B70012F696 /* MessageSQLite.swift in Sources */ = {isa = PBXBuildFile; fileRef = 5DA59F522F1A22B50012F696 /* MessageSQLite.swift */; };
		5DACB5122F02E5E4002299C0 /* CustomModel.swift in Sources */ = {isa = PBXBuildFile; fileRef = 5DACB5112F02E5D9002299C0 /* CustomModel.swift */; };
		5DBF0E972DBB8B010028D953 /* GoogleService-Info.plist in Resources */ = {isa = PBXBuildFile; fileRef = 5DBF0E962DBB8B010028D953 /* GoogleService-Info.plist */; };
		5DD4E4EB2DBBA7FA008F48B4 /* ChatView.swift in Sources */ = {isa = PBXBuildFile; fileRef = 5DD4E4EA2DBBA7FA008F48B4 /* ChatView.swift */; };
		5DD4E4EF2DBBBA29008F48B4 /* SocketService.swift in Sources */ = {isa = PBXBuildFile; fileRef = 5DD4E4EE2DBBBA29008F48B4 /* SocketService.swift */; };
		5DE234952F0658AF0044B82B /* Interaction.swift in Sources */ = {isa = PBXBuildFile; fileRef = 5DE234942F0658A10044B82B /* Interaction.swift */; };
		5DE61E152F07BC57006FFD10 /* NotificationView.swift in Sources */ = {isa = PBXBuildFile; fileRef = 5DE61E142F07BC4B006FFD10 /* NotificationView.swift */; };
		5DE61E172F07D10F006FFD10 /* NotificationModel.swift in Sources */ = {isa = PBXBuildFile; fileRef = 5DE61E162F07D10B006FFD10 /* NotificationModel.swift */; };
		5DEBC0262F0B9AD300CEC5FE /* MapView.swift in Sources */ = {isa = PBXBuildFile; fileRef = 5DEBC0252F0B9ACC00CEC5FE /* MapView.swift */; };
		5DFBF68A2F10BA0000ABBC52 /* EditSpaceView.swift in Sources */ = {isa = PBXBuildFile; fileRef = 5DFBF6892F10B9FA00ABBC52 /* EditSpaceView.swift */; };
		5DFDE8C32EEBD7A9004CD35B /* IQKeyboardManagerSwift in Frameworks */ = {isa = PBXBuildFile; productRef = 5DFDE8C22EEBD7A9004CD35B /* IQKeyboardManagerSwift */; };
		5DFDE8C62EEBD8DF004CD35B /* SDWebImage in Frameworks */ = {isa = PBXBuildFile; productRef = 5DFDE8C52EEBD8DF004CD35B /* SDWebImage */; };
		5DFDE8C82EEBD8DF004CD35B /* SDWebImageMapKit in Frameworks */ = {isa = PBXBuildFile; productRef = 5DFDE8C72EEBD8DF004CD35B /* SDWebImageMapKit */; };
		5DFDE8CB2EEBD945004CD35B /* SocketIO in Frameworks */ = {isa = PBXBuildFile; productRef = 5DFDE8CA2EEBD945004CD35B /* SocketIO */; };
		5DFE0D832EFFD80A000C27EF /* DashboardResponse.swift in Sources */ = {isa = PBXBuildFile; fileRef = 5DFE0D822EFFD7FF000C27EF /* DashboardResponse.swift */; };
/* End PBXBuildFile section */

/* Begin PBXCopyFilesBuildPhase section */
		5D67B75E2EF0265A008E794D /* Embed Frameworks */ = {
			isa = PBXCopyFilesBuildPhase;
			buildActionMask = 2147483647;
			dstPath = "";
			dstSubfolderSpec = 10;
			files = (
			);
			name = "Embed Frameworks";
			runOnlyForDeploymentPostprocessing = 0;
		};
/* End PBXCopyFilesBuildPhase section */

/* Begin PBXFileReference section */
		5D04CB422EEC38F100FB6A21 /* ProfilePicView.swift */ = {isa = PBXFileReference; lastKnownFileType = sourcecode.swift; path = ProfilePicView.swift; sourceTree = "<group>"; };
		5D04CB442EEC3C1600FB6A21 /* VerifyOTPView.swift */ = {isa = PBXFileReference; lastKnownFileType = sourcecode.swift; path = VerifyOTPView.swift; sourceTree = "<group>"; };
		5D08E91D2EFC27C40052B4B4 /* SpaceModel.swift */ = {isa = PBXFileReference; lastKnownFileType = sourcecode.swift; path = SpaceModel.swift; sourceTree = "<group>"; };
		5D0EF5552DB9FF8400CF3F6C /* UserAuth.swift */ = {isa = PBXFileReference; lastKnownFileType = sourcecode.swift; path = UserAuth.swift; sourceTree = "<group>"; };
		5D0EF55B2DBA549B00CF3F6C /* ForgotView.swift */ = {isa = PBXFileReference; lastKnownFileType = sourcecode.swift; path = ForgotView.swift; sourceTree = "<group>"; };
		5D0EF55D2DBA63D600CF3F6C /* Constants.swift */ = {isa = PBXFileReference; lastKnownFileType = sourcecode.swift; path = Constants.swift; sourceTree = "<group>"; };
		5D0EF5612DBA65C000CF3F6C /* SplashView.swift */ = {isa = PBXFileReference; lastKnownFileType = sourcecode.swift; path = SplashView.swift; sourceTree = "<group>"; };
		5D14990C2EF969B900C5021A /* BasicDataModel.swift */ = {isa = PBXFileReference; lastKnownFileType = sourcecode.swift; path = BasicDataModel.swift; sourceTree = "<group>"; };
		5D271C802EF26D0000FAC268 /* ChangePasswordView.swift */ = {isa = PBXFileReference; lastKnownFileType = sourcecode.swift; path = ChangePasswordView.swift; sourceTree = "<group>"; };
		5D2C95EA2DF6AA750087D69C /* KeyboardResponder.swift */ = {isa = PBXFileReference; lastKnownFileType = sourcecode.swift; path = KeyboardResponder.swift; sourceTree = "<group>"; };
		5D2FAF7B2EF192F100A9A402 /* ForgotOTPView.swift */ = {isa = PBXFileReference; lastKnownFileType = sourcecode.swift; path = ForgotOTPView.swift; sourceTree = "<group>"; };
		5D4053552ED98BEE003B0C11 /* Toast+SwiftUI.swift */ = {isa = PBXFileReference; lastKnownFileType = sourcecode.swift; path = "Toast+SwiftUI.swift"; sourceTree = "<group>"; };
		5D43316B2DE43A290016B700 /* ChatListView.swift */ = {isa = PBXFileReference; lastKnownFileType = sourcecode.swift; path = ChatListView.swift; sourceTree = "<group>"; };
		5D43316D2DE43B910016B700 /* ChatModel.swift */ = {isa = PBXFileReference; lastKnownFileType = sourcecode.swift; path = ChatModel.swift; sourceTree = "<group>"; };
		5D4331712DE48F120016B700 /* MessageModel.swift */ = {isa = PBXFileReference; lastKnownFileType = sourcecode.swift; path = MessageModel.swift; sourceTree = "<group>"; };
		5D5056602EF3D38D0013453F /* LikeView.swift */ = {isa = PBXFileReference; lastKnownFileType = sourcecode.swift; path = LikeView.swift; sourceTree = "<group>"; };
		5D67B7522EEFC32A008E794D /* ValidationHelper.swift */ = {isa = PBXFileReference; lastKnownFileType = sourcecode.swift; path = ValidationHelper.swift; sourceTree = "<group>"; };
		5D67B7542EEFC704008E794D /* YourselfView.swift */ = {isa = PBXFileReference; lastKnownFileType = sourcecode.swift; path = YourselfView.swift; sourceTree = "<group>"; };
		5D7427002EF51AF700E60417 /* Manrope-Bold.otf */ = {isa = PBXFileReference; lastKnownFileType = file; path = "Manrope-Bold.otf"; sourceTree = "<group>"; };
		5D7427012EF51AF700E60417 /* Manrope-ExtraBold.otf */ = {isa = PBXFileReference; lastKnownFileType = file; path = "Manrope-ExtraBold.otf"; sourceTree = "<group>"; };
		5D7427022EF51AF700E60417 /* Manrope-ExtraLight.otf */ = {isa = PBXFileReference; lastKnownFileType = file; path = "Manrope-ExtraLight.otf"; sourceTree = "<group>"; };
		5D7427032EF51AF700E60417 /* Manrope-Light.otf */ = {isa = PBXFileReference; lastKnownFileType = file; path = "Manrope-Light.otf"; sourceTree = "<group>"; };
		5D7427042EF51AF700E60417 /* Manrope-Medium.otf */ = {isa = PBXFileReference; lastKnownFileType = file; path = "Manrope-Medium.otf"; sourceTree = "<group>"; };
		5D7427052EF51AF700E60417 /* Manrope-Regular.otf */ = {isa = PBXFileReference; lastKnownFileType = file; path = "Manrope-Regular.otf"; sourceTree = "<group>"; };
		5D7427062EF51AF700E60417 /* Manrope-SemiBold.otf */ = {isa = PBXFileReference; lastKnownFileType = file; path = "Manrope-SemiBold.otf"; sourceTree = "<group>"; };
		5D768B1A2F18E7830064DCE4 /* ChatListSQLite.swift */ = {isa = PBXFileReference; lastKnownFileType = sourcecode.swift; path = ChatListSQLite.swift; sourceTree = "<group>"; };
		5D93D7292F0F8D6200DB4A66 /* EditLocationView.swift */ = {isa = PBXFileReference; lastKnownFileType = sourcecode.swift; path = EditLocationView.swift; sourceTree = "<group>"; };
		5D9AB2642DB8ED8C00E3480F /* Matcher.app */ = {isa = PBXFileReference; explicitFileType = wrapper.application; includeInIndex = 0; path = Matcher.app; sourceTree = BUILT_PRODUCTS_DIR; };
		5D9AB2672DB8ED8C00E3480F /* AttendanceApp.swift */ = {isa = PBXFileReference; lastKnownFileType = sourcecode.swift; path = AttendanceApp.swift; sourceTree = "<group>"; };
		5D9AB26B2DB8ED8D00E3480F /* Assets.xcassets */ = {isa = PBXFileReference; lastKnownFileType = folder.assetcatalog; path = Assets.xcassets; sourceTree = "<group>"; };
		5D9AB2752DB8EDC800E3480F /* ProfileView.swift */ = {isa = PBXFileReference; fileEncoding = 4; lastKnownFileType = sourcecode.swift; path = ProfileView.swift; sourceTree = "<group>"; };
		5D9AB2762DB8EDC800E3480F /* HomeView.swift */ = {isa = PBXFileReference; fileEncoding = 4; lastKnownFileType = sourcecode.swift; path = HomeView.swift; sourceTree = "<group>"; };
		5D9AB2772DB8EDC800E3480F /* ViewModel.swift */ = {isa = PBXFileReference; fileEncoding = 4; lastKnownFileType = sourcecode.swift; path = ViewModel.swift; sourceTree = "<group>"; };
		5D9AB27A2DB8EDC800E3480F /* LoginView.swift */ = {isa = PBXFileReference; fileEncoding = 4; lastKnownFileType = sourcecode.swift; path = LoginView.swift; sourceTree = "<group>"; };
		5D9AB2852DB8F2E400E3480F /* NetworkManager.swift */ = {isa = PBXFileReference; lastKnownFileType = sourcecode.swift; path = NetworkManager.swift; sourceTree = "<group>"; };
		5D9AB2872DB8F79500E3480F /* APIConstants.swift */ = {isa = PBXFileReference; lastKnownFileType = sourcecode.swift; path = APIConstants.swift; sourceTree = "<group>"; };
		5D9AB28B2DB9126000E3480F /* UserModel.swift */ = {isa = PBXFileReference; lastKnownFileType = sourcecode.swift; path = UserModel.swift; sourceTree = "<group>"; };
		5D9AB28E2DB91B8800E3480F /* KeychainHelper.swift */ = {isa = PBXFileReference; lastKnownFileType = sourcecode.swift; path = KeychainHelper.swift; sourceTree = "<group>"; };
		5D9C05DF2F0CC5A7006741D9 /* SettingsView.swift */ = {isa = PBXFileReference; lastKnownFileType = sourcecode.swift; path = SettingsView.swift; sourceTree = "<group>"; };
		5D9C05E12F0CD83E006741D9 /* NotificationSettingsView.swift */ = {isa = PBXFileReference; lastKnownFileType = sourcecode.swift; path = NotificationSettingsView.swift; sourceTree = "<group>"; };
		5D9C05E32F0CDD0C006741D9 /* HelpSupportView.swift */ = {isa = PBXFileReference; lastKnownFileType = sourcecode.swift; path = HelpSupportView.swift; sourceTree = "<group>"; };
		5D9C05E52F0CDD19006741D9 /* FAQView.swift */ = {isa = PBXFileReference; lastKnownFileType = sourcecode.swift; path = FAQView.swift; sourceTree = "<group>"; };
		5D9C05E72F0CDD21006741D9 /* PrivacyPolicyView.swift */ = {isa = PBXFileReference; lastKnownFileType = sourcecode.swift; path = PrivacyPolicyView.swift; sourceTree = "<group>"; };
		5D9C05E92F0CDD29006741D9 /* TermsView.swift */ = {isa = PBXFileReference; lastKnownFileType = sourcecode.swift; path = TermsView.swift; sourceTree = "<group>"; };
		5D9C05EB2F0CF4C7006741D9 /* NotificationSettingModel.swift */ = {isa = PBXFileReference; lastKnownFileType = sourcecode.swift; path = NotificationSettingModel.swift; sourceTree = "<group>"; };
		5D9C05ED2F0D0707006741D9 /* FAQModel.swift */ = {isa = PBXFileReference; lastKnownFileType = sourcecode.swift; path = FAQModel.swift; sourceTree = "<group>"; };
		5D9C05EF2F0D0B38006741D9 /* privacyModel.swift */ = {isa = PBXFileReference; lastKnownFileType = sourcecode.swift; path = privacyModel.swift; sourceTree = "<group>"; };
		5D9C05F12F0D13DB006741D9 /* termModel.swift */ = {isa = PBXFileReference; lastKnownFileType = sourcecode.swift; path = termModel.swift; sourceTree = "<group>"; };
		5D9C05F52F0D280C006741D9 /* EditProfileView.swift */ = {isa = PBXFileReference; lastKnownFileType = sourcecode.swift; path = EditProfileView.swift; sourceTree = "<group>"; };
		5D9EB8302DF7FBC80064B056 /* ImagePicker.swift */ = {isa = PBXFileReference; lastKnownFileType = sourcecode.swift; path = ImagePicker.swift; sourceTree = "<group>"; };
		5DA59F522F1A22B50012F696 /* MessageSQLite.swift */ = {isa = PBXFileReference; lastKnownFileType = sourcecode.swift; path = MessageSQLite.swift; sourceTree = "<group>"; };
		5DACB5112F02E5D9002299C0 /* CustomModel.swift */ = {isa = PBXFileReference; lastKnownFileType = sourcecode.swift; path = CustomModel.swift; sourceTree = "<group>"; };
		5DBF0E962DBB8B010028D953 /* GoogleService-Info.plist */ = {isa = PBXFileReference; fileEncoding = 4; lastKnownFileType = text.plist.xml; path = "GoogleService-Info.plist"; sourceTree = "<group>"; };
		5DBF0E982DBB8B590028D953 /* Matcher.entitlements */ = {isa = PBXFileReference; lastKnownFileType = text.plist.entitlements; path = Matcher.entitlements; sourceTree = "<group>"; };
		5DD4E4E92DBB98DA008F48B4 /* Info.plist */ = {isa = PBXFileReference; lastKnownFileType = text.plist; path = Info.plist; sourceTree = "<group>"; };
		5DD4E4EA2DBBA7FA008F48B4 /* ChatView.swift */ = {isa = PBXFileReference; lastKnownFileType = sourcecode.swift; path = ChatView.swift; sourceTree = "<group>"; };
		5DD4E4EE2DBBBA29008F48B4 /* SocketService.swift */ = {isa = PBXFileReference; lastKnownFileType = sourcecode.swift; path = SocketService.swift; sourceTree = "<group>"; };
		5DE234942F0658A10044B82B /* Interaction.swift */ = {isa = PBXFileReference; lastKnownFileType = sourcecode.swift; path = Interaction.swift; sourceTree = "<group>"; };
		5DE61E142F07BC4B006FFD10 /* NotificationView.swift */ = {isa = PBXFileReference; lastKnownFileType = sourcecode.swift; path = NotificationView.swift; sourceTree = "<group>"; };
		5DE61E162F07D10B006FFD10 /* NotificationModel.swift */ = {isa = PBXFileReference; lastKnownFileType = sourcecode.swift; path = NotificationModel.swift; sourceTree = "<group>"; };
		5DEBC0252F0B9ACC00CEC5FE /* MapView.swift */ = {isa = PBXFileReference; lastKnownFileType = sourcecode.swift; path = MapView.swift; sourceTree = "<group>"; };
		5DFBF6892F10B9FA00ABBC52 /* EditSpaceView.swift */ = {isa = PBXFileReference; lastKnownFileType = sourcecode.swift; path = EditSpaceView.swift; sourceTree = "<group>"; };
		5DFE0D822EFFD7FF000C27EF /* DashboardResponse.swift */ = {isa = PBXFileReference; lastKnownFileType = sourcecode.swift; path = DashboardResponse.swift; sourceTree = "<group>"; };
/* End PBXFileReference section */

/* Begin PBXFrameworksBuildPhase section */
		5D9AB2612DB8ED8C00E3480F /* Frameworks */ = {
			isa = PBXFrameworksBuildPhase;
			buildActionMask = 2147483647;
			files = (
				5D5056692EF3DC220013453F /* GoogleSignInSwift in Frameworks */,
				5D5194CE2EEBF3EC009B56F0 /* StripeCardScan in Frameworks */,
				5D04CB392EEC2D4200FB6A21 /* FirebaseAnalyticsIdentitySupport in Frameworks */,
				5D5194CC2EEBF3EC009B56F0 /* StripeApplePay in Frameworks */,
				5D04CB3B2EEC2D4200FB6A21 /* FirebaseAnalyticsOnDeviceConversion in Frameworks */,
				5DFDE8C62EEBD8DF004CD35B /* SDWebImage in Frameworks */,
				5D5194CA2EEBF3EC009B56F0 /* Stripe in Frameworks */,
				5D04CB372EEC2D4200FB6A21 /* FirebaseAnalyticsCore in Frameworks */,
				5D04CB3E2EEC349200FB6A21 /* FirebaseMessaging in Frameworks */,
				5DFDE8C82EEBD8DF004CD35B /* SDWebImageMapKit in Frameworks */,
				5DFDE8CB2EEBD945004CD35B /* SocketIO in Frameworks */,
				5D5194D02EEBF3EC009B56F0 /* StripeConnect in Frameworks */,
				5D04CB412EEC35D800FB6A21 /* Toast in Frameworks */,
				5DFDE8C32EEBD7A9004CD35B /* IQKeyboardManagerSwift in Frameworks */,
				5D5056672EF3DC220013453F /* GoogleSignIn in Frameworks */,
			);
			runOnlyForDeploymentPostprocessing = 0;
		};
/* End PBXFrameworksBuildPhase section */

/* Begin PBXGroup section */
		5D048E372DE9C32D00D25202 /* Onboarding */ = {
			isa = PBXGroup;
			children = (
				5D50565D2EF3D1EA0013453F /* Login */,
				5D50565E2EF3D24D0013453F /* SignUp */,
			);
			path = Onboarding;
			sourceTree = "<group>";
		};
		5D048E382DE9C35200D25202 /* Dashboard */ = {
			isa = PBXGroup;
			children = (
				5DE61E132F07BC2D006FFD10 /* Notification */,
				5D048E392DE9C3AA00D25202 /* home */,
				5D50565F2EF3D33C0013453F /* Like */,
				5D048E3A2DE9C3B800D25202 /* Chat */,
				5D048E3E2DE9C41100D25202 /* Profile */,
			);
			path = Dashboard;
			sourceTree = "<group>";
		};
		5D048E392DE9C3AA00D25202 /* home */ = {
			isa = PBXGroup;
			children = (
				5D9AB2762DB8EDC800E3480F /* HomeView.swift */,
				5DEBC0252F0B9ACC00CEC5FE /* MapView.swift */,
				5D93D7292F0F8D6200DB4A66 /* EditLocationView.swift */,
			);
			path = home;
			sourceTree = "<group>";
		};
		5D048E3A2DE9C3B800D25202 /* Chat */ = {
			isa = PBXGroup;
			children = (
				5D43316B2DE43A290016B700 /* ChatListView.swift */,
				5DD4E4EA2DBBA7FA008F48B4 /* ChatView.swift */,
				5D768B1A2F18E7830064DCE4 /* ChatListSQLite.swift */,
				5DA59F522F1A22B50012F696 /* MessageSQLite.swift */,
				5DD4E4EE2DBBBA29008F48B4 /* SocketService.swift */,
				5D2C95EA2DF6AA750087D69C /* KeyboardResponder.swift */,
				5D9EB8302DF7FBC80064B056 /* ImagePicker.swift */,
			);
			path = Chat;
			sourceTree = "<group>";
		};
		5D048E3E2DE9C41100D25202 /* Profile */ = {
			isa = PBXGroup;
			children = (
				5D9AB2752DB8EDC800E3480F /* ProfileView.swift */,
				5DFBF6892F10B9FA00ABBC52 /* EditSpaceView.swift */,
				5D9C05F42F0D2717006741D9 /* Edits */,
				5D9C05F32F0D26F6006741D9 /* Settings */,
			);
			path = Profile;
			sourceTree = "<group>";
		};
		5D0EF55F2DBA63FF00CF3F6C /* Views */ = {
			isa = PBXGroup;
			children = (
				5D048E372DE9C32D00D25202 /* Onboarding */,
				5D048E382DE9C35200D25202 /* Dashboard */,
			);
			path = Views;
			sourceTree = "<group>";
		};
		5D0EF5602DBA64CB00CF3F6C /* Delegate */ = {
			isa = PBXGroup;
			children = (
				5D9AB2672DB8ED8C00E3480F /* AttendanceApp.swift */,
				5D0EF5612DBA65C000CF3F6C /* SplashView.swift */,
			);
			path = Delegate;
			sourceTree = "<group>";
		};
		5D50565D2EF3D1EA0013453F /* Login */ = {
			isa = PBXGroup;
			children = (
				5D9AB27A2DB8EDC800E3480F /* LoginView.swift */,
				5D0EF55B2DBA549B00CF3F6C /* ForgotView.swift */,
				5D2FAF7B2EF192F100A9A402 /* ForgotOTPView.swift */,
				5D271C802EF26D0000FAC268 /* ChangePasswordView.swift */,
			);
			path = Login;
			sourceTree = "<group>";
		};
		5D50565E2EF3D24D0013453F /* SignUp */ = {
			isa = PBXGroup;
			children = (
				5D04CB442EEC3C1600FB6A21 /* VerifyOTPView.swift */,
				5D67B7542EEFC704008E794D /* YourselfView.swift */,
				5D04CB422EEC38F100FB6A21 /* ProfilePicView.swift */,
			);
			path = SignUp;
			sourceTree = "<group>";
		};
		5D50565F2EF3D33C0013453F /* Like */ = {
			isa = PBXGroup;
			children = (
				5D5056602EF3D38D0013453F /* LikeView.swift */,
			);
			path = Like;
			sourceTree = "<group>";
		};
		5D7426FF2EF51AE500E60417 /* Fount */ = {
			isa = PBXGroup;
			children = (
				5D7427002EF51AF700E60417 /* Manrope-Bold.otf */,
				5D7427012EF51AF700E60417 /* Manrope-ExtraBold.otf */,
				5D7427022EF51AF700E60417 /* Manrope-ExtraLight.otf */,
				5D7427032EF51AF700E60417 /* Manrope-Light.otf */,
				5D7427042EF51AF700E60417 /* Manrope-Medium.otf */,
				5D7427052EF51AF700E60417 /* Manrope-Regular.otf */,
				5D7427062EF51AF700E60417 /* Manrope-SemiBold.otf */,
			);
			path = Fount;
			sourceTree = "<group>";
		};
		5D9AB25B2DB8ED8B00E3480F = {
			isa = PBXGroup;
			children = (
				5D9AB2662DB8ED8C00E3480F /* Matcher */,
				5D9AB2652DB8ED8C00E3480F /* Products */,
			);
			sourceTree = "<group>";
		};
		5D9AB2652DB8ED8C00E3480F /* Products */ = {
			isa = PBXGroup;
			children = (
				5D9AB2642DB8ED8C00E3480F /* Matcher.app */,
			);
			name = Products;
			sourceTree = "<group>";
		};
		5D9AB2662DB8ED8C00E3480F /* Matcher */ = {
			isa = PBXGroup;
			children = (
				5D7426FF2EF51AE500E60417 /* Fount */,
				5DD4E4E92DBB98DA008F48B4 /* Info.plist */,
				5DBF0E982DBB8B590028D953 /* Matcher.entitlements */,
				5DBF0E962DBB8B010028D953 /* GoogleService-Info.plist */,
				5D0EF5602DBA64CB00CF3F6C /* Delegate */,
				5D9AB28D2DB91B7C00E3480F /* KeychainHelper */,
				5D9AB2892DB8F8C300E3480F /* NetworkAPI */,
				5D9AB28A2DB9124700E3480F /* Model */,
				5D0EF55F2DBA63FF00CF3F6C /* Views */,
				5D9AB26B2DB8ED8D00E3480F /* Assets.xcassets */,
			);
			path = Matcher;
			sourceTree = "<group>";
		};
		5D9AB2892DB8F8C300E3480F /* NetworkAPI */ = {
			isa = PBXGroup;
			children = (
				5D9AB2872DB8F79500E3480F /* APIConstants.swift */,
				5D9AB2852DB8F2E400E3480F /* NetworkManager.swift */,
				5D9AB2772DB8EDC800E3480F /* ViewModel.swift */,
				5D0EF5552DB9FF8400CF3F6C /* UserAuth.swift */,
				5D4053552ED98BEE003B0C11 /* Toast+SwiftUI.swift */,
				5D67B7522EEFC32A008E794D /* ValidationHelper.swift */,
			);
			path = NetworkAPI;
			sourceTree = "<group>";
		};
		5D9AB28A2DB9124700E3480F /* Model */ = {
			isa = PBXGroup;
			children = (
				5D9AB28B2DB9126000E3480F /* UserModel.swift */,
				5DACB5112F02E5D9002299C0 /* CustomModel.swift */,
				5D9C05EB2F0CF4C7006741D9 /* NotificationSettingModel.swift */,
				5D9C05EF2F0D0B38006741D9 /* privacyModel.swift */,
				5D9C05F12F0D13DB006741D9 /* termModel.swift */,
				5DE61E162F07D10B006FFD10 /* NotificationModel.swift */,
				5D9C05ED2F0D0707006741D9 /* FAQModel.swift */,
				5DE234942F0658A10044B82B /* Interaction.swift */,
				5DFE0D822EFFD7FF000C27EF /* DashboardResponse.swift */,
				5D14990C2EF969B900C5021A /* BasicDataModel.swift */,
				5D08E91D2EFC27C40052B4B4 /* SpaceModel.swift */,
				5D4331712DE48F120016B700 /* MessageModel.swift */,
				5D43316D2DE43B910016B700 /* ChatModel.swift */,
			);
			path = Model;
			sourceTree = "<group>";
		};
		5D9AB28D2DB91B7C00E3480F /* KeychainHelper */ = {
			isa = PBXGroup;
			children = (
				5D9AB28E2DB91B8800E3480F /* KeychainHelper.swift */,
				5D0EF55D2DBA63D600CF3F6C /* Constants.swift */,
			);
			path = KeychainHelper;
			sourceTree = "<group>";
		};
		5D9C05F32F0D26F6006741D9 /* Settings */ = {
			isa = PBXGroup;
			children = (
				5D9C05DF2F0CC5A7006741D9 /* SettingsView.swift */,
				5D9C05E12F0CD83E006741D9 /* NotificationSettingsView.swift */,
				5D9C05E32F0CDD0C006741D9 /* HelpSupportView.swift */,
				5D9C05E52F0CDD19006741D9 /* FAQView.swift */,
				5D9C05E72F0CDD21006741D9 /* PrivacyPolicyView.swift */,
				5D9C05E92F0CDD29006741D9 /* TermsView.swift */,
			);
			path = Settings;
			sourceTree = "<group>";
		};
		5D9C05F42F0D2717006741D9 /* Edits */ = {
			isa = PBXGroup;
			children = (
				5D9C05F52F0D280C006741D9 /* EditProfileView.swift */,
			);
			path = Edits;
			sourceTree = "<group>";
		};
		5DE61E132F07BC2D006FFD10 /* Notification */ = {
			isa = PBXGroup;
			children = (
				5DE61E142F07BC4B006FFD10 /* NotificationView.swift */,
			);
			path = Notification;
			sourceTree = "<group>";
		};
/* End PBXGroup section */

/* Begin PBXNativeTarget section */
		5D9AB2632DB8ED8C00E3480F /* Matcher */ = {
			isa = PBXNativeTarget;
			buildConfigurationList = 5D9AB2722DB8ED8D00E3480F /* Build configuration list for PBXNativeTarget "Matcher" */;
			buildPhases = (
				5D9AB2602DB8ED8C00E3480F /* Sources */,
				5D9AB2612DB8ED8C00E3480F /* Frameworks */,
				5D9AB2622DB8ED8C00E3480F /* Resources */,
				5D67B75E2EF0265A008E794D /* Embed Frameworks */,
			);
			buildRules = (
			);
			dependencies = (
			);
			name = Matcher;
			packageProductDependencies = (
				5DFDE8C22EEBD7A9004CD35B /* IQKeyboardManagerSwift */,
				5DFDE8C52EEBD8DF004CD35B /* SDWebImage */,
				5DFDE8C72EEBD8DF004CD35B /* SDWebImageMapKit */,
				5DFDE8CA2EEBD945004CD35B /* SocketIO */,
				5D5194C92EEBF3EC009B56F0 /* Stripe */,
				5D5194CB2EEBF3EC009B56F0 /* StripeApplePay */,
				5D5194CD2EEBF3EC009B56F0 /* StripeCardScan */,
				5D5194CF2EEBF3EC009B56F0 /* StripeConnect */,
				5D04CB362EEC2D4200FB6A21 /* FirebaseAnalyticsCore */,
				5D04CB382EEC2D4200FB6A21 /* FirebaseAnalyticsIdentitySupport */,
				5D04CB3A2EEC2D4200FB6A21 /* FirebaseAnalyticsOnDeviceConversion */,
				5D04CB3D2EEC349200FB6A21 /* FirebaseMessaging */,
				5D04CB402EEC35D800FB6A21 /* Toast */,
				5D5056662EF3DC220013453F /* GoogleSignIn */,
				5D5056682EF3DC220013453F /* GoogleSignInSwift */,
			);
			productName = Attendance;
			productReference = 5D9AB2642DB8ED8C00E3480F /* Matcher.app */;
			productType = "com.apple.product-type.application";
		};
/* End PBXNativeTarget section */

/* Begin PBXProject section */
		5D9AB25C2DB8ED8B00E3480F /* Project object */ = {
			isa = PBXProject;
			attributes = {
				BuildIndependentTargetsInParallel = 1;
				LastSwiftUpdateCheck = 1510;
				LastUpgradeCheck = 1510;
				TargetAttributes = {
					5D9AB2632DB8ED8C00E3480F = {
						CreatedOnToolsVersion = 15.1;
					};
				};
			};
			buildConfigurationList = 5D9AB25F2DB8ED8B00E3480F /* Build configuration list for PBXProject "Matcher" */;
			compatibilityVersion = "Xcode 14.0";
			developmentRegion = en;
			hasScannedForEncodings = 0;
			knownRegions = (
				en,
				Base,
			);
			mainGroup = 5D9AB25B2DB8ED8B00E3480F;
			packageReferences = (
				5DFDE8BF2EEBD4BD004CD35B /* XCRemoteSwiftPackageReference "IQKeyboardManager" */,
				5DFDE8C42EEBD8DF004CD35B /* XCRemoteSwiftPackageReference "SDWebImage" */,
				5DFDE8C92EEBD945004CD35B /* XCRemoteSwiftPackageReference "socket.io-client-swift" */,
				5D5194C82EEBF3EC009B56F0 /* XCRemoteSwiftPackageReference "stripe-ios" */,
				5D04CB312EEC2D4200FB6A21 /* XCRemoteSwiftPackageReference "firebase-ios-sdk" */,
				5D04CB3F2EEC35D800FB6A21 /* XCRemoteSwiftPackageReference "Toast-Swift" */,
				5D5056652EF3DC220013453F /* XCRemoteSwiftPackageReference "GoogleSignIn-iOS" */,
			);
			productRefGroup = 5D9AB2652DB8ED8C00E3480F /* Products */;
			projectDirPath = "";
			projectRoot = "";
			targets = (
				5D9AB2632DB8ED8C00E3480F /* Matcher */,
			);
		};
/* End PBXProject section */

/* Begin PBXResourcesBuildPhase section */
		5D9AB2622DB8ED8C00E3480F /* Resources */ = {
			isa = PBXResourcesBuildPhase;
			buildActionMask = 2147483647;
			files = (
				5D7427072EF51AF700E60417 /* Manrope-Bold.otf in Resources */,
				5D7427082EF51AF700E60417 /* Manrope-SemiBold.otf in Resources */,
				5D7427092EF51AF700E60417 /* Manrope-ExtraBold.otf in Resources */,
				5D74270A2EF51AF700E60417 /* Manrope-Regular.otf in Resources */,
				5D74270B2EF51AF700E60417 /* Manrope-Medium.otf in Resources */,
				5D74270C2EF51AF700E60417 /* Manrope-ExtraLight.otf in Resources */,
				5D74270D2EF51AF700E60417 /* Manrope-Light.otf in Resources */,
				5D9AB26C2DB8ED8D00E3480F /* Assets.xcassets in Resources */,
				5DBF0E972DBB8B010028D953 /* GoogleService-Info.plist in Resources */,
			);
			runOnlyForDeploymentPostprocessing = 0;
		};
/* End PBXResourcesBuildPhase section */

/* Begin PBXSourcesBuildPhase section */
		5D9AB2602DB8ED8C00E3480F /* Sources */ = {
			isa = PBXSourcesBuildPhase;
			buildActionMask = 2147483647;
			files = (
				5DFBF68A2F10BA0000ABBC52 /* EditSpaceView.swift in Sources */,
				5D271C812EF26D1B00FAC268 /* ChangePasswordView.swift in Sources */,
				5D43316C2DE43A290016B700 /* ChatListView.swift in Sources */,
				5D9AB2882DB8F79500E3480F /* APIConstants.swift in Sources */,
				5D9C05E62F0CDD1A006741D9 /* FAQView.swift in Sources */,
				5D9AB27F2DB8EDC900E3480F /* ViewModel.swift in Sources */,
				5D9C05E42F0CDD0D006741D9 /* HelpSupportView.swift in Sources */,
				5D67B7532EEFC330008E794D /* ValidationHelper.swift in Sources */,
				5D0EF55C2DBA549B00CF3F6C /* ForgotView.swift in Sources */,
				5D9C05E02F0CC5A9006741D9 /* SettingsView.swift in Sources */,
				5D9C05F22F0D13E5006741D9 /* termModel.swift in Sources */,
				5D9AB2862DB8F2E400E3480F /* NetworkManager.swift in Sources */,
				5D04CB452EEC3C1A00FB6A21 /* VerifyOTPView.swift in Sources */,
				5D14990D2EF969B900C5021A /* BasicDataModel.swift in Sources */,
				5D9AB27E2DB8EDC900E3480F /* HomeView.swift in Sources */,
				5D9C05EC2F0CF4DA006741D9 /* NotificationSettingModel.swift in Sources */,
				5D2FAF7C2EF1930200A9A402 /* ForgotOTPView.swift in Sources */,
				5D04CB432EEC38F900FB6A21 /* ProfilePicView.swift in Sources */,
				5D9EB8312DF7FBC80064B056 /* ImagePicker.swift in Sources */,
				5D9C05F62F0D2811006741D9 /* EditProfileView.swift in Sources */,
				5DA59F532F1A22B70012F696 /* MessageSQLite.swift in Sources */,
				5D0EF5562DB9FF8400CF3F6C /* UserAuth.swift in Sources */,
				5D43316E2DE43B910016B700 /* ChatModel.swift in Sources */,
				5D4053562ED98BF4003B0C11 /* Toast+SwiftUI.swift in Sources */,
				5D9AB27D2DB8EDC900E3480F /* ProfileView.swift in Sources */,
				5D9AB28F2DB91B8800E3480F /* KeychainHelper.swift in Sources */,
				5DD4E4EB2DBBA7FA008F48B4 /* ChatView.swift in Sources */,
				5D9AB2822DB8EDC900E3480F /* LoginView.swift in Sources */,
				5DFE0D832EFFD80A000C27EF /* DashboardResponse.swift in Sources */,
				5D93D72A2F0F8D6200DB4A66 /* EditLocationView.swift in Sources */,
				5DE234952F0658AF0044B82B /* Interaction.swift in Sources */,
				5DD4E4EF2DBBBA29008F48B4 /* SocketService.swift in Sources */,
				5DE61E152F07BC57006FFD10 /* NotificationView.swift in Sources */,
				5D0EF5622DBA65C000CF3F6C /* SplashView.swift in Sources */,
				5DEBC0262F0B9AD300CEC5FE /* MapView.swift in Sources */,
				5DACB5122F02E5E4002299C0 /* CustomModel.swift in Sources */,
				5D9AB2682DB8ED8C00E3480F /* AttendanceApp.swift in Sources */,
				5D9C05E82F0CDD22006741D9 /* PrivacyPolicyView.swift in Sources */,
				5D5056612EF3D3930013453F /* LikeView.swift in Sources */,
				5D9C05E22F0CD840006741D9 /* NotificationSettingsView.swift in Sources */,
				5D9C05EA2F0CDD2B006741D9 /* TermsView.swift in Sources */,
				5DE61E172F07D10F006FFD10 /* NotificationModel.swift in Sources */,
				5D4331722DE48F120016B700 /* MessageModel.swift in Sources */,
				5D9C05EE2F0D0711006741D9 /* FAQModel.swift in Sources */,
				5D08E91E2EFC27CD0052B4B4 /* SpaceModel.swift in Sources */,
				5D67B7552EEFC70A008E794D /* YourselfView.swift in Sources */,
				5D768B1B2F18E7860064DCE4 /* ChatListSQLite.swift in Sources */,
				5D9AB28C2DB9126000E3480F /* UserModel.swift in Sources */,
				5D2C95EB2DF6AA750087D69C /* KeyboardResponder.swift in Sources */,
				5D0EF55E2DBA63D600CF3F6C /* Constants.swift in Sources */,
				5D9C05F02F0D0B59006741D9 /* privacyModel.swift in Sources */,
			);
			runOnlyForDeploymentPostprocessing = 0;
		};
/* End PBXSourcesBuildPhase section */

/* Begin XCBuildConfiguration section */
		5D9AB2702DB8ED8D00E3480F /* Debug */ = {
			isa = XCBuildConfiguration;
			buildSettings = {
				ALWAYS_SEARCH_USER_PATHS = NO;
				ASSETCATALOG_COMPILER_GENERATE_SWIFT_ASSET_SYMBOL_EXTENSIONS = YES;
				CLANG_ANALYZER_NONNULL = YES;
				CLANG_ANALYZER_NUMBER_OBJECT_CONVERSION = YES_AGGRESSIVE;
				CLANG_CXX_LANGUAGE_STANDARD = "gnu++20";
				CLANG_ENABLE_MODULES = YES;
				CLANG_ENABLE_OBJC_ARC = YES;
				CLANG_ENABLE_OBJC_WEAK = YES;
				CLANG_WARN_BLOCK_CAPTURE_AUTORELEASING = YES;
				CLANG_WARN_BOOL_CONVERSION = YES;
				CLANG_WARN_COMMA = YES;
				CLANG_WARN_CONSTANT_CONVERSION = YES;
				CLANG_WARN_DEPRECATED_OBJC_IMPLEMENTATIONS = YES;
				CLANG_WARN_DIRECT_OBJC_ISA_USAGE = YES_ERROR;
				CLANG_WARN_DOCUMENTATION_COMMENTS = YES;
				CLANG_WARN_EMPTY_BODY = YES;
				CLANG_WARN_ENUM_CONVERSION = YES;
				CLANG_WARN_INFINITE_RECURSION = YES;
				CLANG_WARN_INT_CONVERSION = YES;
				CLANG_WARN_NON_LITERAL_NULL_CONVERSION = YES;
				CLANG_WARN_OBJC_IMPLICIT_RETAIN_SELF = YES;
				CLANG_WARN_OBJC_LITERAL_CONVERSION = YES;
				CLANG_WARN_OBJC_ROOT_CLASS = YES_ERROR;
				CLANG_WARN_QUOTED_INCLUDE_IN_FRAMEWORK_HEADER = YES;
				CLANG_WARN_RANGE_LOOP_ANALYSIS = YES;
				CLANG_WARN_STRICT_PROTOTYPES = YES;
				CLANG_WARN_SUSPICIOUS_MOVE = YES;
				CLANG_WARN_UNGUARDED_AVAILABILITY = YES_AGGRESSIVE;
				CLANG_WARN_UNREACHABLE_CODE = YES;
				CLANG_WARN__DUPLICATE_METHOD_MATCH = YES;
				COPY_PHASE_STRIP = NO;
				DEBUG_INFORMATION_FORMAT = dwarf;
				ENABLE_STRICT_OBJC_MSGSEND = YES;
				ENABLE_TESTABILITY = YES;
				ENABLE_USER_SCRIPT_SANDBOXING = YES;
				GCC_C_LANGUAGE_STANDARD = gnu17;
				GCC_DYNAMIC_NO_PIC = NO;
				GCC_NO_COMMON_BLOCKS = YES;
				GCC_OPTIMIZATION_LEVEL = 0;
				GCC_PREPROCESSOR_DEFINITIONS = (
					"DEBUG=1",
					"$(inherited)",
				);
				GCC_WARN_64_TO_32_BIT_CONVERSION = YES;
				GCC_WARN_ABOUT_RETURN_TYPE = YES_ERROR;
				GCC_WARN_UNDECLARED_SELECTOR = YES;
				GCC_WARN_UNINITIALIZED_AUTOS = YES_AGGRESSIVE;
				GCC_WARN_UNUSED_FUNCTION = YES;
				GCC_WARN_UNUSED_VARIABLE = YES;
				IPHONEOS_DEPLOYMENT_TARGET = 17.2;
				LOCALIZATION_PREFERS_STRING_CATALOGS = YES;
				MTL_ENABLE_DEBUG_INFO = INCLUDE_SOURCE;
				MTL_FAST_MATH = YES;
				ONLY_ACTIVE_ARCH = YES;
				SDKROOT = iphoneos;
				SWIFT_ACTIVE_COMPILATION_CONDITIONS = "DEBUG $(inherited)";
				SWIFT_OPTIMIZATION_LEVEL = "-Onone";
			};
			name = Debug;
		};
		5D9AB2712DB8ED8D00E3480F /* Release */ = {
			isa = XCBuildConfiguration;
			buildSettings = {
				ALWAYS_SEARCH_USER_PATHS = NO;
				ASSETCATALOG_COMPILER_GENERATE_SWIFT_ASSET_SYMBOL_EXTENSIONS = YES;
				CLANG_ANALYZER_NONNULL = YES;
				CLANG_ANALYZER_NUMBER_OBJECT_CONVERSION = YES_AGGRESSIVE;
				CLANG_CXX_LANGUAGE_STANDARD = "gnu++20";
				CLANG_ENABLE_MODULES = YES;
				CLANG_ENABLE_OBJC_ARC = YES;
				CLANG_ENABLE_OBJC_WEAK = YES;
				CLANG_WARN_BLOCK_CAPTURE_AUTORELEASING = YES;
				CLANG_WARN_BOOL_CONVERSION = YES;
				CLANG_WARN_COMMA = YES;
				CLANG_WARN_CONSTANT_CONVERSION = YES;
				CLANG_WARN_DEPRECATED_OBJC_IMPLEMENTATIONS = YES;
				CLANG_WARN_DIRECT_OBJC_ISA_USAGE = YES_ERROR;
				CLANG_WARN_DOCUMENTATION_COMMENTS = YES;
				CLANG_WARN_EMPTY_BODY = YES;
				CLANG_WARN_ENUM_CONVERSION = YES;
				CLANG_WARN_INFINITE_RECURSION = YES;
				CLANG_WARN_INT_CONVERSION = YES;
				CLANG_WARN_NON_LITERAL_NULL_CONVERSION = YES;
				CLANG_WARN_OBJC_IMPLICIT_RETAIN_SELF = YES;
				CLANG_WARN_OBJC_LITERAL_CONVERSION = YES;
				CLANG_WARN_OBJC_ROOT_CLASS = YES_ERROR;
				CLANG_WARN_QUOTED_INCLUDE_IN_FRAMEWORK_HEADER = YES;
				CLANG_WARN_RANGE_LOOP_ANALYSIS = YES;
				CLANG_WARN_STRICT_PROTOTYPES = YES;
				CLANG_WARN_SUSPICIOUS_MOVE = YES;
				CLANG_WARN_UNGUARDED_AVAILABILITY = YES_AGGRESSIVE;
				CLANG_WARN_UNREACHABLE_CODE = YES;
				CLANG_WARN__DUPLICATE_METHOD_MATCH = YES;
				COPY_PHASE_STRIP = NO;
				DEBUG_INFORMATION_FORMAT = "dwarf-with-dsym";
				ENABLE_NS_ASSERTIONS = NO;
				ENABLE_STRICT_OBJC_MSGSEND = YES;
				ENABLE_USER_SCRIPT_SANDBOXING = YES;
				GCC_C_LANGUAGE_STANDARD = gnu17;
				GCC_NO_COMMON_BLOCKS = YES;
				GCC_WARN_64_TO_32_BIT_CONVERSION = YES;
				GCC_WARN_ABOUT_RETURN_TYPE = YES_ERROR;
				GCC_WARN_UNDECLARED_SELECTOR = YES;
				GCC_WARN_UNINITIALIZED_AUTOS = YES_AGGRESSIVE;
				GCC_WARN_UNUSED_FUNCTION = YES;
				GCC_WARN_UNUSED_VARIABLE = YES;
				IPHONEOS_DEPLOYMENT_TARGET = 17.2;
				LOCALIZATION_PREFERS_STRING_CATALOGS = YES;
				MTL_ENABLE_DEBUG_INFO = NO;
				MTL_FAST_MATH = YES;
				SDKROOT = iphoneos;
				SWIFT_COMPILATION_MODE = wholemodule;
				VALIDATE_PRODUCT = YES;
			};
			name = Release;
		};
		5D9AB2732DB8ED8D00E3480F /* Debug */ = {
			isa = XCBuildConfiguration;
			buildSettings = {
				ASSETCATALOG_COMPILER_APPICON_NAME = AppIcon;
				ASSETCATALOG_COMPILER_GLOBAL_ACCENT_COLOR_NAME = AccentColor;
				CODE_SIGN_ENTITLEMENTS = Matcher/Matcher.entitlements;
				CODE_SIGN_IDENTITY = "Apple Development";
				CODE_SIGN_STYLE = Automatic;
				CURRENT_PROJECT_VERSION = 1;
				DEVELOPMENT_ASSET_PATHS = "\"Matcher/Preview Content\"";
				DEVELOPMENT_TEAM = YYR487R286;
				ENABLE_PREVIEWS = YES;
				ENABLE_USER_SCRIPT_SANDBOXING = NO;
				GENERATE_INFOPLIST_FILE = YES;
				INFOPLIST_FILE = Matcher/Info.plist;
				INFOPLIST_KEY_CFBundleDisplayName = Punching;
				INFOPLIST_KEY_LSApplicationCategoryType = "";
				INFOPLIST_KEY_NSAppleMusicUsageDescription = "Audio access required";
				INFOPLIST_KEY_NSCameraUsageDescription = "We use your camera to allow image sharing in chat.";
				INFOPLIST_KEY_NSHumanReadableCopyright = "";
				INFOPLIST_KEY_NSLocationAlwaysAndWhenInUseUsageDescription = "Your location is required for better service.";
				INFOPLIST_KEY_NSLocationWhenInUseUsageDescription = "This app needs your location to function properly";
				INFOPLIST_KEY_NSMicrophoneUsageDescription = "We need microphone access to send voice messages";
				INFOPLIST_KEY_NSPhotoLibraryUsageDescription = "We use your photo library to let you choose images to send.";
				INFOPLIST_KEY_NSSpeechRecognitionUsageDescription = "We need speech recognition to convert voice to text";
				INFOPLIST_KEY_UIApplicationSceneManifest_Generation = YES;
				INFOPLIST_KEY_UIApplicationSupportsIndirectInputEvents = YES;
				INFOPLIST_KEY_UILaunchScreen_Generation = YES;
				INFOPLIST_KEY_UISupportedInterfaceOrientations_iPad = "UIInterfaceOrientationPortrait UIInterfaceOrientationPortraitUpsideDown UIInterfaceOrientationLandscapeLeft UIInterfaceOrientationLandscapeRight";
				INFOPLIST_KEY_UISupportedInterfaceOrientations_iPhone = "UIInterfaceOrientationPortrait UIInterfaceOrientationLandscapeLeft UIInterfaceOrientationLandscapeRight";
				IPHONEOS_DEPLOYMENT_TARGET = 17;
				LD_RUNPATH_SEARCH_PATHS = (
					"$(inherited)",
					"@executable_path/Frameworks",
				);
				MARKETING_VERSION = 1.0;
				OTHER_SWIFT_FLAGS = "$(inherited) -D COCOAPODS";
				PRODUCT_BUNDLE_IDENTIFIER = com.possibility;
				PRODUCT_NAME = "$(TARGET_NAME)";
				PROVISIONING_PROFILE_SPECIFIER = "";
				SWIFT_EMIT_LOC_STRINGS = YES;
				SWIFT_VERSION = 5.0;
				TARGETED_DEVICE_FAMILY = "1,2";
			};
			name = Debug;
		};
		5D9AB2742DB8ED8D00E3480F /* Release */ = {
			isa = XCBuildConfiguration;
			buildSettings = {
				ASSETCATALOG_COMPILER_APPICON_NAME = AppIcon;
				ASSETCATALOG_COMPILER_GLOBAL_ACCENT_COLOR_NAME = AccentColor;
				CODE_SIGN_ENTITLEMENTS = Matcher/Matcher.entitlements;
				CODE_SIGN_IDENTITY = "Apple Development";
				CODE_SIGN_STYLE = Automatic;
				CURRENT_PROJECT_VERSION = 1;
				DEVELOPMENT_ASSET_PATHS = "\"Matcher/Preview Content\"";
				DEVELOPMENT_TEAM = YYR487R286;
				ENABLE_PREVIEWS = YES;
				ENABLE_USER_SCRIPT_SANDBOXING = NO;
				GENERATE_INFOPLIST_FILE = YES;
				INFOPLIST_FILE = Matcher/Info.plist;
				INFOPLIST_KEY_CFBundleDisplayName = Punching;
				INFOPLIST_KEY_LSApplicationCategoryType = "";
				INFOPLIST_KEY_NSAppleMusicUsageDescription = "Audio access required";
				INFOPLIST_KEY_NSCameraUsageDescription = "We use your camera to allow image sharing in chat.";
				INFOPLIST_KEY_NSHumanReadableCopyright = "";
				INFOPLIST_KEY_NSLocationAlwaysAndWhenInUseUsageDescription = "Your location is required for better service.";
				INFOPLIST_KEY_NSLocationWhenInUseUsageDescription = "This app needs your location to function properly";
				INFOPLIST_KEY_NSMicrophoneUsageDescription = "We need microphone access to send voice messages";
				INFOPLIST_KEY_NSPhotoLibraryUsageDescription = "We use your photo library to let you choose images to send.";
				INFOPLIST_KEY_NSSpeechRecognitionUsageDescription = "We need speech recognition to convert voice to text";
				INFOPLIST_KEY_UIApplicationSceneManifest_Generation = YES;
				INFOPLIST_KEY_UIApplicationSupportsIndirectInputEvents = YES;
				INFOPLIST_KEY_UILaunchScreen_Generation = YES;
				INFOPLIST_KEY_UISupportedInterfaceOrientations_iPad = "UIInterfaceOrientationPortrait UIInterfaceOrientationPortraitUpsideDown UIInterfaceOrientationLandscapeLeft UIInterfaceOrientationLandscapeRight";
				INFOPLIST_KEY_UISupportedInterfaceOrientations_iPhone = "UIInterfaceOrientationPortrait UIInterfaceOrientationLandscapeLeft UIInterfaceOrientationLandscapeRight";
				IPHONEOS_DEPLOYMENT_TARGET = 17;
				LD_RUNPATH_SEARCH_PATHS = (
					"$(inherited)",
					"@executable_path/Frameworks",
				);
				MARKETING_VERSION = 1.0;
				OTHER_SWIFT_FLAGS = "$(inherited) -D COCOAPODS";
				PRODUCT_BUNDLE_IDENTIFIER = com.possibility;
				PRODUCT_NAME = "$(TARGET_NAME)";
				PROVISIONING_PROFILE_SPECIFIER = "";
				SWIFT_EMIT_LOC_STRINGS = YES;
				SWIFT_VERSION = 5.0;
				TARGETED_DEVICE_FAMILY = "1,2";
			};
			name = Release;
		};
/* End XCBuildConfiguration section */

/* Begin XCConfigurationList section */
		5D9AB25F2DB8ED8B00E3480F /* Build configuration list for PBXProject "Matcher" */ = {
			isa = XCConfigurationList;
			buildConfigurations = (
				5D9AB2702DB8ED8D00E3480F /* Debug */,
				5D9AB2712DB8ED8D00E3480F /* Release */,
			);
			defaultConfigurationIsVisible = 0;
			defaultConfigurationName = Release;
		};
		5D9AB2722DB8ED8D00E3480F /* Build configuration list for PBXNativeTarget "Matcher" */ = {
			isa = XCConfigurationList;
			buildConfigurations = (
				5D9AB2732DB8ED8D00E3480F /* Debug */,
				5D9AB2742DB8ED8D00E3480F /* Release */,
			);
			defaultConfigurationIsVisible = 0;
			defaultConfigurationName = Release;
		};
/* End XCConfigurationList section */

/* Begin XCRemoteSwiftPackageReference section */
		5D04CB312EEC2D4200FB6A21 /* XCRemoteSwiftPackageReference "firebase-ios-sdk" */ = {
			isa = XCRemoteSwiftPackageReference;
			repositoryURL = "https://github.com/firebase/firebase-ios-sdk.git";
			requirement = {
				kind = upToNextMajorVersion;
				minimumVersion = 11.6.0;
			};
		};
		5D04CB3F2EEC35D800FB6A21 /* XCRemoteSwiftPackageReference "Toast-Swift" */ = {
			isa = XCRemoteSwiftPackageReference;
			repositoryURL = "https://github.com/scalessec/Toast-Swift.git";
			requirement = {
				kind = upToNextMajorVersion;
				minimumVersion = 5.1.1;
			};
		};
		5D5056652EF3DC220013453F /* XCRemoteSwiftPackageReference "GoogleSignIn-iOS" */ = {
			isa = XCRemoteSwiftPackageReference;
			repositoryURL = "https://github.com/google/GoogleSignIn-iOS";
			requirement = {
				kind = upToNextMajorVersion;
				minimumVersion = 9.0.0;
			};
		};
		5D5194C82EEBF3EC009B56F0 /* XCRemoteSwiftPackageReference "stripe-ios" */ = {
			isa = XCRemoteSwiftPackageReference;
			repositoryURL = "https://github.com/stripe/stripe-ios.git";
			requirement = {
				kind = upToNextMajorVersion;
				minimumVersion = 25.2.0;
			};
		};
		5DFDE8BF2EEBD4BD004CD35B /* XCRemoteSwiftPackageReference "IQKeyboardManager" */ = {
			isa = XCRemoteSwiftPackageReference;
			repositoryURL = "https://github.com/hackiftekhar/IQKeyboardManager";
			requirement = {
				kind = upToNextMajorVersion;
				minimumVersion = 7.0.0;
			};
		};
		5DFDE8C42EEBD8DF004CD35B /* XCRemoteSwiftPackageReference "SDWebImage" */ = {
			isa = XCRemoteSwiftPackageReference;
			repositoryURL = "https://github.com/SDWebImage/SDWebImage.git";
			requirement = {
				kind = upToNextMajorVersion;
				minimumVersion = 5.21.5;
			};
		};
		5DFDE8C92EEBD945004CD35B /* XCRemoteSwiftPackageReference "socket.io-client-swift" */ = {
			isa = XCRemoteSwiftPackageReference;
			repositoryURL = "https://github.com/socketio/socket.io-client-swift.git";
			requirement = {
				kind = upToNextMajorVersion;
				minimumVersion = 16.0.0;
			};
		};
/* End XCRemoteSwiftPackageReference section */

/* Begin XCSwiftPackageProductDependency section */
		5D04CB362EEC2D4200FB6A21 /* FirebaseAnalyticsCore */ = {
			isa = XCSwiftPackageProductDependency;
			package = 5D04CB312EEC2D4200FB6A21 /* XCRemoteSwiftPackageReference "firebase-ios-sdk" */;
			productName = FirebaseAnalyticsCore;
		};
		5D04CB382EEC2D4200FB6A21 /* FirebaseAnalyticsIdentitySupport */ = {
			isa = XCSwiftPackageProductDependency;
			package = 5D04CB312EEC2D4200FB6A21 /* XCRemoteSwiftPackageReference "firebase-ios-sdk" */;
			productName = FirebaseAnalyticsIdentitySupport;
		};
		5D04CB3A2EEC2D4200FB6A21 /* FirebaseAnalyticsOnDeviceConversion */ = {
			isa = XCSwiftPackageProductDependency;
			package = 5D04CB312EEC2D4200FB6A21 /* XCRemoteSwiftPackageReference "firebase-ios-sdk" */;
			productName = FirebaseAnalyticsOnDeviceConversion;
		};
		5D04CB3D2EEC349200FB6A21 /* FirebaseMessaging */ = {
			isa = XCSwiftPackageProductDependency;
			package = 5D04CB312EEC2D4200FB6A21 /* XCRemoteSwiftPackageReference "firebase-ios-sdk" */;
			productName = FirebaseMessaging;
		};
		5D04CB402EEC35D800FB6A21 /* Toast */ = {
			isa = XCSwiftPackageProductDependency;
			package = 5D04CB3F2EEC35D800FB6A21 /* XCRemoteSwiftPackageReference "Toast-Swift" */;
			productName = Toast;
		};
		5D5056662EF3DC220013453F /* GoogleSignIn */ = {
			isa = XCSwiftPackageProductDependency;
			package = 5D5056652EF3DC220013453F /* XCRemoteSwiftPackageReference "GoogleSignIn-iOS" */;
			productName = GoogleSignIn;
		};
		5D5056682EF3DC220013453F /* GoogleSignInSwift */ = {
			isa = XCSwiftPackageProductDependency;
			package = 5D5056652EF3DC220013453F /* XCRemoteSwiftPackageReference "GoogleSignIn-iOS" */;
			productName = GoogleSignInSwift;
		};
		5D5194C92EEBF3EC009B56F0 /* Stripe */ = {
			isa = XCSwiftPackageProductDependency;
			package = 5D5194C82EEBF3EC009B56F0 /* XCRemoteSwiftPackageReference "stripe-ios" */;
			productName = Stripe;
		};
		5D5194CB2EEBF3EC009B56F0 /* StripeApplePay */ = {
			isa = XCSwiftPackageProductDependency;
			package = 5D5194C82EEBF3EC009B56F0 /* XCRemoteSwiftPackageReference "stripe-ios" */;
			productName = StripeApplePay;
		};
		5D5194CD2EEBF3EC009B56F0 /* StripeCardScan */ = {
			isa = XCSwiftPackageProductDependency;
			package = 5D5194C82EEBF3EC009B56F0 /* XCRemoteSwiftPackageReference "stripe-ios" */;
			productName = StripeCardScan;
		};
		5D5194CF2EEBF3EC009B56F0 /* StripeConnect */ = {
			isa = XCSwiftPackageProductDependency;
			package = 5D5194C82EEBF3EC009B56F0 /* XCRemoteSwiftPackageReference "stripe-ios" */;
			productName = StripeConnect;
		};
		5DFDE8C22EEBD7A9004CD35B /* IQKeyboardManagerSwift */ = {
			isa = XCSwiftPackageProductDependency;
			productName = IQKeyboardManagerSwift;
		};
		5DFDE8C52EEBD8DF004CD35B /* SDWebImage */ = {
			isa = XCSwiftPackageProductDependency;
			package = 5DFDE8C42EEBD8DF004CD35B /* XCRemoteSwiftPackageReference "SDWebImage" */;
			productName = SDWebImage;
		};
		5DFDE8C72EEBD8DF004CD35B /* SDWebImageMapKit */ = {
			isa = XCSwiftPackageProductDependency;
			package = 5DFDE8C42EEBD8DF004CD35B /* XCRemoteSwiftPackageReference "SDWebImage" */;
			productName = SDWebImageMapKit;
		};
		5DFDE8CA2EEBD945004CD35B /* SocketIO */ = {
			isa = XCSwiftPackageProductDependency;
			package = 5DFDE8C92EEBD945004CD35B /* XCRemoteSwiftPackageReference "socket.io-client-swift" */;
			productName = SocketIO;
		};
/* End XCSwiftPackageProductDependency section */
	};
	rootObject = 5D9AB25C2DB8ED8B00E3480F /* Project object */;
}
